
Microsoft Visual Studio Solution File, Format Version 12.00
# Visual Studio 2013
VisualStudioVersion = 12.0.31101.0
MinimumVisualStudioVersion = 10.0.40219.1
Project("{FAE04EC0-301F-11D3-BF4B-00C04F79EFBC}") = "OplachiSe.Models", "OplachiSe.Models\OplachiSe.Models.csproj", "{F5F7EE92-69F4-4142-AD2A-8F30CB3E56CD}"
EndProject
Project("{FAE04EC0-301F-11D3-BF4B-00C04F79EFBC}") = "OplachiSe.Data", "OplachiSe.Data\OplachiSe.Data.csproj", "{F5577EAB-76A6-48BC-8AB2-F27F1615FCEA}"
EndProject
Project("{FAE04EC0-301F-11D3-BF4B-00C04F79EFBC}") = "OplachiSe.Web", "OplachiSe.Web\OplachiSe.Web.csproj", "{DCEA845C-352D-49E7-9B97-18CD57446E59}"
EndProject
Project("{FAE04EC0-301F-11D3-BF4B-00C04F79EFBC}") = "OplachiSe.Web.Tests", "OplachiSe.Web.Tests\OplachiSe.Web.Tests.csproj", "{1351B46D-CED6-424B-B999-77B8A0328F76}"
EndProject
Project("{FAE04EC0-301F-11D3-BF4B-00C04F79EFBC}") = "OplachiSe.Commons", "OplachiSe.Commons\OplachiSe.Commons.csproj", "{0F76C9E6-5619-4896-8640-7099E1CCBB59}"
EndProject
Global
	GlobalSection(SolutionConfigurationPlatforms) = preSolution
		Debug|Any CPU = Debug|Any CPU
		Release|Any CPU = Release|Any CPU
	EndGlobalSection
	GlobalSection(ProjectConfigurationPlatforms) = postSolution
		{F5F7EE92-69F4-4142-AD2A-8F30CB3E56CD}.Debug|Any CPU.ActiveCfg = Debug|Any CPU
		{F5F7EE92-69F4-4142-AD2A-8F30CB3E56CD}.Debug|Any CPU.Build.0 = Debug|Any CPU
		{F5F7EE92-69F4-4142-AD2A-8F30CB3E56CD}.Release|Any CPU.ActiveCfg = Release|Any CPU
		{F5F7EE92-69F4-4142-AD2A-8F30CB3E56CD}.Release|Any CPU.Build.0 = Release|Any CPU
		{F5577EAB-76A6-48BC-8AB2-F27F1615FCEA}.Debug|Any CPU.ActiveCfg = Debug|Any CPU
		{F5577EAB-76A6-48BC-8AB2-F27F1615FCEA}.Debug|Any CPU.Build.0 = Debug|Any CPU
		{F5577EAB-76A6-48BC-8AB2-F27F1615FCEA}.Release|Any CPU.ActiveCfg = Release|Any CPU
		{F5577EAB-76A6-48BC-8AB2-F27F1615FCEA}.Release|Any CPU.Build.0 = Release|Any CPU
		{DCEA845C-352D-49E7-9B97-18CD57446E59}.Debug|Any CPU.ActiveCfg = Debug|Any CPU
		{DCEA845C-352D-49E7-9B97-18CD57446E59}.Debug|Any CPU.Build.0 = Debug|Any CPU
		{DCEA845C-352D-49E7-9B97-18CD57446E59}.Release|Any CPU.ActiveCfg = Release|Any CPU
		{DCEA845C-352D-49E7-9B97-18CD57446E59}.Release|Any CPU.Build.0 = Release|Any CPU
		{1351B46D-CED6-424B-B999-77B8A0328F76}.Debug|Any CPU.ActiveCfg = Debug|Any CPU
		{1351B46D-CED6-424B-B999-77B8A0328F76}.Debug|Any CPU.Build.0 = Debug|Any CPU
		{1351B46D-CED6-424B-B999-77B8A0328F76}.Release|Any CPU.ActiveCfg = Release|Any CPU
		{1351B46D-CED6-424B-B999-77B8A0328F76}.Release|Any CPU.Build.0 = Release|Any CPU
		{0F76C9E6-5619-4896-8640-7099E1CCBB59}.Debug|Any CPU.ActiveCfg = Debug|Any CPU
		{0F76C9E6-5619-4896-8640-7099E1CCBB59}.Debug|Any CPU.Build.0 = Debug|Any CPU
		{0F76C9E6-5619-4896-8640-7099E1CCBB59}.Release|Any CPU.ActiveCfg = Release|Any CPU
		{0F76C9E6-5619-4896-8640-7099E1CCBB59}.Release|Any CPU.Build.0 = Release|Any CPU
	EndGlobalSection
	GlobalSection(SolutionProperties) = preSolution
		HideSolutionNode = FALSE
	EndGlobalSection
EndGlobal
